
Microsoft Visual Studio Solution File, Format Version 12.00
# Visual Studio Version 17
VisualStudioVersion = 17.4.33213.308
MinimumVisualStudioVersion = 10.0.40219.1
Project("{FAE04EC0-301F-11D3-BF4B-00C04F79EFBC}") = "ShopManagement", "ShopManagement\ShopManagement.csproj", "{D5D440B9-D74E-4D33-BB9F-86801E307338}"
EndProject
Global
	GlobalSection(SolutionConfigurationPlatforms) = preSolution
		Debug|Any CPU = Debug|Any CPU
		Release|Any CPU = Release|Any CPU
	EndGlobalSection
	GlobalSection(ProjectConfigurationPlatforms) = postSolution
		{D5D440B9-D74E-4D33-BB9F-86801E307338}.Debug|Any CPU.ActiveCfg = Debug|Any CPU
		{D5D440B9-D74E-4D33-BB9F-86801E307338}.Debug|Any CPU.Build.0 = Debug|Any CPU
		{D5D440B9-D74E-4D33-BB9F-86801E307338}.Release|Any CPU.ActiveCfg = Release|Any CPU
		{D5D440B9-D74E-4D33-BB9F-86801E307338}.Release|Any CPU.Build.0 = Release|Any CPU
	EndGlobalSection
	GlobalSection(SolutionProperties) = preSolution
		HideSolutionNode = FALSE
	EndGlobalSection
	GlobalSection(ExtensibilityGlobals) = postSolution
		SolutionGuid = {3B007AED-0736-4F18-B702-B24B2D1989AE}
	EndGlobalSection
EndGlobal
